# THIS IS AN AUTOGENERATED FILE. DO NOT EDIT THIS FILE DIRECTLY.
# yarn lockfile v1


"@types/node@^15.6.1":
  version "15.14.1"
  resolved "https://registry.yarnpkg.com/@types/node/-/node-15.14.1.tgz#4f9d3689532499fdda1c898e19f4593718655e36"
  integrity sha512-wF6hazbsnwaW3GhK4jFuw5NaLDQVRQ6pWQUGAUrJzxixFkTaODSiAKMPXuHwPEPkAKQWHAzj6uJ5h+3zU9gQxg==

"@vercel/ncc@^0.28.6":
  version "0.28.6"
  resolved "https://registry.yarnpkg.com/@vercel/ncc/-/ncc-0.28.6.tgz#073c0ce8e0269210c0a9f180fb0bf949eecc20e0"
  integrity sha512-t4BoSSuyK8BZaUE0gV18V6bkFs4st7baumtFGa50dv1tMu2GDBEBF8sUZaKBdKiL6DzJ2D2+XVCwYWWDcQOYdQ==

define-lazy-prop@^2.0.0:
  version "2.0.0"
  resolved "https://registry.yarnpkg.com/define-lazy-prop/-/define-lazy-prop-2.0.0.tgz#3f7ae421129bcaaac9bc74905c98a0009ec9ee7f"
  integrity sha512-Ds09qNh8yw3khSjiJjiUInaGX9xlqZDY7JVryGxdxV7NPeuqQfplOpQ66yJFZut3jLa5zOwkXw1g9EI2uKh4Og==

"evntboard-communicate@https://github.com/EvntBoard/communicate.git":
  version "1.0.0"
  resolved "https://github.com/EvntBoard/communicate.git#eefe6a5497216e9c331b43e0dd88b046d4938e28"

is-docker@^2.0.0, is-docker@^2.1.1:
  version "2.2.1"
  resolved "https://registry.yarnpkg.com/is-docker/-/is-docker-2.2.1.tgz#33eeabe23cfe86f14bde4408a02c0cfb853acdaa"
  integrity sha512-F+i2BKsFrH66iaUFc0woD8sLy8getkwTwtOBjvs56Cx4CgJDeKQeqfz8wAYiSb8JOprWhHH5p77PbmYCvvUuXQ==

is-wsl@^2.2.0:
  version "2.2.0"
  resolved "https://registry.yarnpkg.com/is-wsl/-/is-wsl-2.2.0.tgz#74a4c76e77ca9fd3f932f290c17ea326cd157271"
  integrity sha512-fKzAra0rGJUUBwGBgNkHZuToZcn+TtXHpeCgmkMJMMYx1sQDYaCSyjJBSCa2nH1DGm7s3n1oBnohoVTBaN7Lww==
  dependencies:
    is-docker "^2.0.0"

open@^8.2.1:
  version "8.2.1"
  resolved "https://registry.yarnpkg.com/open/-/open-8.2.1.tgz#82de42da0ccbf429bc12d099dad2e0975e14e8af"
  integrity sha512-rXILpcQlkF/QuFez2BJDf3GsqpjGKbkUUToAIGo9A0Q6ZkoSGogZJulrUdwRkrAsoQvoZsrjCYt8+zblOk7JQQ==
  dependencies:
    define-lazy-prop "^2.0.0"
    is-docker "^2.1.1"
    is-wsl "^2.2.0"

typescript@^4.2.4:
  version "4.3.5"
  resolved "https://registry.yarnpkg.com/typescript/-/typescript-4.3.5.tgz#4d1c37cc16e893973c45a06886b7113234f119f4"
  integrity sha512-DqQgihaQ9cUrskJo9kIyW/+g0Vxsk8cDtZ52a3NGh0YNTfpUSArXSohyUGnvbPazEPLu398C0UxmKSOrPumUzA==
